
Microsoft Visual Studio Solution File, Format Version 12.00
# Visual Studio Version 17
VisualStudioVersion = 17.0.31521.260
MinimumVisualStudioVersion = 10.0.40219.1
Project("{9A19103F-16F7-4668-BE54-9A1E7A4F7556}") = "ChatOverlay", "ChatOverlay\ChatOverlay.csproj", "{47A42010-5B6E-4BA4-AB4E-B8F18B9B24EA}"
EndProject
Project("{9A19103F-16F7-4668-BE54-9A1E7A4F7556}") = "ChatOverlay.Core", "Core\ChatOverlay.Core.csproj", "{D5ED2556-EB5B-47FD-8B09-CBF522F91D7D}"
EndProject
Project("{9A19103F-16F7-4668-BE54-9A1E7A4F7556}") = "AvaloniaGif", "AvaloniaGif\AvaloniaGif.csproj", "{F5DCB1A0-7084-4E57-9131-1CF7993D61DD}"
EndProject
Global
	GlobalSection(SolutionConfigurationPlatforms) = preSolution
		Debug|Any CPU = Debug|Any CPU
		Release|Any CPU = Release|Any CPU
	EndGlobalSection
	GlobalSection(ProjectConfigurationPlatforms) = postSolution
		{47A42010-5B6E-4BA4-AB4E-B8F18B9B24EA}.Debug|Any CPU.ActiveCfg = Debug|Any CPU
		{47A42010-5B6E-4BA4-AB4E-B8F18B9B24EA}.Debug|Any CPU.Build.0 = Debug|Any CPU
		{47A42010-5B6E-4BA4-AB4E-B8F18B9B24EA}.Release|Any CPU.ActiveCfg = Release|Any CPU
		{47A42010-5B6E-4BA4-AB4E-B8F18B9B24EA}.Release|Any CPU.Build.0 = Release|Any CPU
		{D5ED2556-EB5B-47FD-8B09-CBF522F91D7D}.Debug|Any CPU.ActiveCfg = Debug|Any CPU
		{D5ED2556-EB5B-47FD-8B09-CBF522F91D7D}.Debug|Any CPU.Build.0 = Debug|Any CPU
		{D5ED2556-EB5B-47FD-8B09-CBF522F91D7D}.Release|Any CPU.ActiveCfg = Release|Any CPU
		{D5ED2556-EB5B-47FD-8B09-CBF522F91D7D}.Release|Any CPU.Build.0 = Release|Any CPU
		{F5DCB1A0-7084-4E57-9131-1CF7993D61DD}.Debug|Any CPU.ActiveCfg = Debug|Any CPU
		{F5DCB1A0-7084-4E57-9131-1CF7993D61DD}.Debug|Any CPU.Build.0 = Debug|Any CPU
		{F5DCB1A0-7084-4E57-9131-1CF7993D61DD}.Release|Any CPU.ActiveCfg = Release|Any CPU
		{F5DCB1A0-7084-4E57-9131-1CF7993D61DD}.Release|Any CPU.Build.0 = Release|Any CPU
	EndGlobalSection
	GlobalSection(SolutionProperties) = preSolution
		HideSolutionNode = FALSE
	EndGlobalSection
	GlobalSection(ExtensibilityGlobals) = postSolution
		SolutionGuid = {8E148725-4F93-45BB-820F-92A387B6B525}
	EndGlobalSection
EndGlobal
